
Microsoft Visual Studio Solution File, Format Version 12.00
Project("{FAE04EC0-301F-11D3-BF4B-00C04F79EFBC}") = "DelegatesAndLambdas", "DelegatesAndLambdas\DelegatesAndLambdas.csproj", "{CA29AF49-988D-49AD-AB4E-240FD50A17DE}"
EndProject
Global
	GlobalSection(SolutionConfigurationPlatforms) = preSolution
		Debug|Any CPU = Debug|Any CPU
		Release|Any CPU = Release|Any CPU
	EndGlobalSection
	GlobalSection(ProjectConfigurationPlatforms) = postSolution
		{CA29AF49-988D-49AD-AB4E-240FD50A17DE}.Debug|Any CPU.ActiveCfg = Debug|Any CPU
		{CA29AF49-988D-49AD-AB4E-240FD50A17DE}.Debug|Any CPU.Build.0 = Debug|Any CPU
		{CA29AF49-988D-49AD-AB4E-240FD50A17DE}.Release|Any CPU.ActiveCfg = Release|Any CPU
		{CA29AF49-988D-49AD-AB4E-240FD50A17DE}.Release|Any CPU.Build.0 = Release|Any CPU
	EndGlobalSection
EndGlobal
