
Microsoft Visual Studio Solution File, Format Version 12.00
# Visual Studio Version 17
VisualStudioVersion = 17.3.32825.248
MinimumVisualStudioVersion = 10.0.40219.1
Project("{FAE04EC0-301F-11D3-BF4B-00C04F79EFBC}") = "RemoveDuplicatesFromSortedArrayII", "RemoveDuplicatesFromSortedArrayII\RemoveDuplicatesFromSortedArrayII.csproj", "{77F3F98A-7B7D-445A-8578-42B8AE68F374}"
EndProject
Global
	GlobalSection(SolutionConfigurationPlatforms) = preSolution
		Debug|Any CPU = Debug|Any CPU
		Release|Any CPU = Release|Any CPU
	EndGlobalSection
	GlobalSection(ProjectConfigurationPlatforms) = postSolution
		{77F3F98A-7B7D-445A-8578-42B8AE68F374}.Debug|Any CPU.ActiveCfg = Debug|Any CPU
		{77F3F98A-7B7D-445A-8578-42B8AE68F374}.Debug|Any CPU.Build.0 = Debug|Any CPU
		{77F3F98A-7B7D-445A-8578-42B8AE68F374}.Release|Any CPU.ActiveCfg = Release|Any CPU
		{77F3F98A-7B7D-445A-8578-42B8AE68F374}.Release|Any CPU.Build.0 = Release|Any CPU
	EndGlobalSection
	GlobalSection(SolutionProperties) = preSolution
		HideSolutionNode = FALSE
	EndGlobalSection
	GlobalSection(ExtensibilityGlobals) = postSolution
		SolutionGuid = {BDC7B225-A2C9-4A7B-9BC0-662112CAD0C3}
	EndGlobalSection
EndGlobal
