
Microsoft Visual Studio Solution File, Format Version 12.00
# Visual Studio Version 17
VisualStudioVersion = 17.3.32825.248
MinimumVisualStudioVersion = 10.0.40219.1
Project("{FAE04EC0-301F-11D3-BF4B-00C04F79EFBC}") = "RepeatedDNASequence", "RepeatedDNASequence\RepeatedDNASequence.csproj", "{1C3067BC-9573-4325-B9E7-935C1F19B935}"
EndProject
Global
	GlobalSection(SolutionConfigurationPlatforms) = preSolution
		Debug|Any CPU = Debug|Any CPU
		Release|Any CPU = Release|Any CPU
	EndGlobalSection
	GlobalSection(ProjectConfigurationPlatforms) = postSolution
		{1C3067BC-9573-4325-B9E7-935C1F19B935}.Debug|Any CPU.ActiveCfg = Debug|Any CPU
		{1C3067BC-9573-4325-B9E7-935C1F19B935}.Debug|Any CPU.Build.0 = Debug|Any CPU
		{1C3067BC-9573-4325-B9E7-935C1F19B935}.Release|Any CPU.ActiveCfg = Release|Any CPU
		{1C3067BC-9573-4325-B9E7-935C1F19B935}.Release|Any CPU.Build.0 = Release|Any CPU
	EndGlobalSection
	GlobalSection(SolutionProperties) = preSolution
		HideSolutionNode = FALSE
	EndGlobalSection
	GlobalSection(ExtensibilityGlobals) = postSolution
		SolutionGuid = {A5BE8920-85C8-4834-A975-CC6CFCD99740}
	EndGlobalSection
EndGlobal
