
Microsoft Visual Studio Solution File, Format Version 12.00
Project("{FAE04EC0-301F-11D3-BF4B-00C04F79EFBC}") = "LambdasGenericAndCollection", "LambdasGenericAndCollection\LambdasGenericAndCollection.csproj", "{78D5F285-E751-4286-B37F-6CDA0E81F456}"
EndProject
Global
	GlobalSection(SolutionConfigurationPlatforms) = preSolution
		Debug|Any CPU = Debug|Any CPU
		Release|Any CPU = Release|Any CPU
	EndGlobalSection
	GlobalSection(ProjectConfigurationPlatforms) = postSolution
		{78D5F285-E751-4286-B37F-6CDA0E81F456}.Debug|Any CPU.ActiveCfg = Debug|Any CPU
		{78D5F285-E751-4286-B37F-6CDA0E81F456}.Debug|Any CPU.Build.0 = Debug|Any CPU
		{78D5F285-E751-4286-B37F-6CDA0E81F456}.Release|Any CPU.ActiveCfg = Release|Any CPU
		{78D5F285-E751-4286-B37F-6CDA0E81F456}.Release|Any CPU.Build.0 = Release|Any CPU
	EndGlobalSection
EndGlobal
