
Microsoft Visual Studio Solution File, Format Version 12.00
# Visual Studio Version 16
VisualStudioVersion = 16.0.30114.105
MinimumVisualStudioVersion = 10.0.40219.1
Project("{FAE04EC0-301F-11D3-BF4B-00C04F79EFBC}") = "CPSetTwo", "CPSetTwo\CPSetTwo.csproj", "{2C5229D7-F015-445E-8BFA-24CAEA29205D}"
EndProject
Global
	GlobalSection(SolutionConfigurationPlatforms) = preSolution
		Debug|Any CPU = Debug|Any CPU
		Release|Any CPU = Release|Any CPU
	EndGlobalSection
	GlobalSection(SolutionProperties) = preSolution
		HideSolutionNode = FALSE
	EndGlobalSection
	GlobalSection(ProjectConfigurationPlatforms) = postSolution
		{2C5229D7-F015-445E-8BFA-24CAEA29205D}.Debug|Any CPU.ActiveCfg = Debug|Any CPU
		{2C5229D7-F015-445E-8BFA-24CAEA29205D}.Debug|Any CPU.Build.0 = Debug|Any CPU
		{2C5229D7-F015-445E-8BFA-24CAEA29205D}.Release|Any CPU.ActiveCfg = Release|Any CPU
		{2C5229D7-F015-445E-8BFA-24CAEA29205D}.Release|Any CPU.Build.0 = Release|Any CPU
	EndGlobalSection
EndGlobal
